
Microsoft Visual Studio Solution File, Format Version 12.00
# Visual Studio Version 17
VisualStudioVersion = 17.13.35931.197 d17.13
MinimumVisualStudioVersion = 10.0.40219.1
Project("{FAE04EC0-301F-11D3-BF4B-00C04F79EFBC}") = "BtqnLesson09EF", "BtqnLesson09EF.csproj", "{40B1CF61-7243-440F-A62C-F9565A2A9B7D}"
EndProject
Global
	GlobalSection(SolutionConfigurationPlatforms) = preSolution
		Debug|Any CPU = Debug|Any CPU
		Release|Any CPU = Release|Any CPU
	EndGlobalSection
	GlobalSection(ProjectConfigurationPlatforms) = postSolution
		{40B1CF61-7243-440F-A62C-F9565A2A9B7D}.Debug|Any CPU.ActiveCfg = Debug|Any CPU
		{40B1CF61-7243-440F-A62C-F9565A2A9B7D}.Debug|Any CPU.Build.0 = Debug|Any CPU
		{40B1CF61-7243-440F-A62C-F9565A2A9B7D}.Release|Any CPU.ActiveCfg = Release|Any CPU
		{40B1CF61-7243-440F-A62C-F9565A2A9B7D}.Release|Any CPU.Build.0 = Release|Any CPU
	EndGlobalSection
	GlobalSection(SolutionProperties) = preSolution
		HideSolutionNode = FALSE
	EndGlobalSection
	GlobalSection(ExtensibilityGlobals) = postSolution
		SolutionGuid = {0542D51A-B823-4322-977F-F6FCE83411AD}
	EndGlobalSection
EndGlobal
