
Microsoft Visual Studio Solution File, Format Version 12.00
# Visual Studio Version 17
VisualStudioVersion = 17.13.35931.197 d17.13
MinimumVisualStudioVersion = 10.0.40219.1
Project("{FAE04EC0-301F-11D3-BF4B-00C04F79EFBC}") = "Btqn-lesson10", "Btqn-lesson10.csproj", "{8602BD6B-F237-484F-A92C-ED42142034BE}"
EndProject
Global
	GlobalSection(SolutionConfigurationPlatforms) = preSolution
		Debug|Any CPU = Debug|Any CPU
		Release|Any CPU = Release|Any CPU
	EndGlobalSection
	GlobalSection(ProjectConfigurationPlatforms) = postSolution
		{8602BD6B-F237-484F-A92C-ED42142034BE}.Debug|Any CPU.ActiveCfg = Debug|Any CPU
		{8602BD6B-F237-484F-A92C-ED42142034BE}.Debug|Any CPU.Build.0 = Debug|Any CPU
		{8602BD6B-F237-484F-A92C-ED42142034BE}.Release|Any CPU.ActiveCfg = Release|Any CPU
		{8602BD6B-F237-484F-A92C-ED42142034BE}.Release|Any CPU.Build.0 = Release|Any CPU
	EndGlobalSection
	GlobalSection(SolutionProperties) = preSolution
		HideSolutionNode = FALSE
	EndGlobalSection
	GlobalSection(ExtensibilityGlobals) = postSolution
		SolutionGuid = {70308755-6EC5-423E-B665-35FADA79C3A9}
	EndGlobalSection
EndGlobal
